// !$*UTF8*$!
{
	archiveVersion = 1;
	classes = {
	};
	objectVersion = 50;
	objects = {

/* Begin PBXBuildFile section */
		2357949924E3188F00A2588B /* AppDelegate.swift in Sources */ = {isa = PBXBuildFile; fileRef = 2357949824E3188F00A2588B /* AppDelegate.swift */; };
		2357949B24E3188F00A2588B /* SceneDelegate.swift in Sources */ = {isa = PBXBuildFile; fileRef = 2357949A24E3188F00A2588B /* SceneDelegate.swift */; };
		2357949D24E3188F00A2588B /* ViewController.swift in Sources */ = {isa = PBXBuildFile; fileRef = 2357949C24E3188F00A2588B /* ViewController.swift */; };
		235794A024E3188F00A2588B /* Main.storyboard in Resources */ = {isa = PBXBuildFile; fileRef = 2357949E24E3188F00A2588B /* Main.storyboard */; };
		235794A324E3188F00A2588B /* GitHub_Example.xcdatamodeld in Sources */ = {isa = PBXBuildFile; fileRef = 235794A124E3188F00A2588B /* GitHub_Example.xcdatamodeld */; };
		235794A524E3189100A2588B /* Assets.xcassets in Resources */ = {isa = PBXBuildFile; fileRef = 235794A424E3189100A2588B /* Assets.xcassets */; };
		235794A824E3189100A2588B /* LaunchScreen.storyboard in Resources */ = {isa = PBXBuildFile; fileRef = 235794A624E3189100A2588B /* LaunchScreen.storyboard */; };
		235794B324E3189100A2588B /* GitHub_ExampleTests.swift in Sources */ = {isa = PBXBuildFile; fileRef = 235794B224E3189100A2588B /* GitHub_ExampleTests.swift */; };
		235794BE24E3189100A2588B /* GitHub_ExampleUITests.swift in Sources */ = {isa = PBXBuildFile; fileRef = 235794BD24E3189100A2588B /* GitHub_ExampleUITests.swift */; };
/* End PBXBuildFile section */

/* Begin PBXContainerItemProxy section */
		235794AF24E3189100A2588B /* PBXContainerItemProxy */ = {
			isa = PBXContainerItemProxy;
			containerPortal = 2357948D24E3188F00A2588B /* Project object */;
			proxyType = 1;
			remoteGlobalIDString = 2357949424E3188F00A2588B;
			remoteInfo = "GitHub Example";
		};
		235794BA24E3189100A2588B /* PBXContainerItemProxy */ = {
			isa = PBXContainerItemProxy;
			containerPortal = 2357948D24E3188F00A2588B /* Project object */;
			proxyType = 1;
			remoteGlobalIDString = 2357949424E3188F00A2588B;
			remoteInfo = "GitHub Example";
		};
/* End PBXContainerItemProxy section */

/* Begin PBXFileReference section */
		2357949524E3188F00A2588B /* GitHub Example.app */ = {isa = PBXFileReference; explicitFileType = wrapper.application; includeInIndex = 0; path = "GitHub Example.app"; sourceTree = BUILT_PRODUCTS_DIR; };
		2357949824E3188F00A2588B /* AppDelegate.swift */ = {isa = PBXFileReference; lastKnownFileType = sourcecode.swift; path = AppDelegate.swift; sourceTree = "<group>"; };
		2357949A24E3188F00A2588B /* SceneDelegate.swift */ = {isa = PBXFileReference; lastKnownFileType = sourcecode.swift; path = SceneDelegate.swift; sourceTree = "<group>"; };
		2357949C24E3188F00A2588B /* ViewController.swift */ = {isa = PBXFileReference; lastKnownFileType = sourcecode.swift; path = ViewController.swift; sourceTree = "<group>"; };
		2357949F24E3188F00A2588B /* Base */ = {isa = PBXFileReference; lastKnownFileType = file.storyboard; name = Base; path = Base.lproj/Main.storyboard; sourceTree = "<group>"; };
		235794A224E3188F00A2588B /* GitHub_Example.xcdatamodel */ = {isa = PBXFileReference; lastKnownFileType = wrapper.xcdatamodel; path = GitHub_Example.xcdatamodel; sourceTree = "<group>"; };
		235794A424E3189100A2588B /* Assets.xcassets */ = {isa = PBXFileReference; lastKnownFileType = folder.assetcatalog; path = Assets.xcassets; sourceTree = "<group>"; };
		235794A724E3189100A2588B /* Base */ = {isa = PBXFileReference; lastKnownFileType = file.storyboard; name = Base; path = Base.lproj/LaunchScreen.storyboard; sourceTree = "<group>"; };
		235794A924E3189100A2588B /* Info.plist */ = {isa = PBXFileReference; lastKnownFileType = text.plist.xml; path = Info.plist; sourceTree = "<group>"; };
		235794AE24E3189100A2588B /* GitHub ExampleTests.xctest */ = {isa = PBXFileReference; explicitFileType = wrapper.cfbundle; includeInIndex = 0; path = "GitHub ExampleTests.xctest"; sourceTree = BUILT_PRODUCTS_DIR; };
		235794B224E3189100A2588B /* GitHub_ExampleTests.swift */ = {isa = PBXFileReference; lastKnownFileType = sourcecode.swift; path = GitHub_ExampleTests.swift; sourceTree = "<group>"; };
		235794B424E3189100A2588B /* Info.plist */ = {isa = PBXFileReference; lastKnownFileType = text.plist.xml; path = Info.plist; sourceTree = "<group>"; };
		235794B924E3189100A2588B /* GitHub ExampleUITests.xctest */ = {isa = PBXFileReference; explicitFileType = wrapper.cfbundle; includeInIndex = 0; path = "GitHub ExampleUITests.xctest"; sourceTree = BUILT_PRODUCTS_DIR; };
		235794BD24E3189100A2588B /* GitHub_ExampleUITests.swift */ = {isa = PBXFileReference; lastKnownFileType = sourcecode.swift; path = GitHub_ExampleUITests.swift; sourceTree = "<group>"; };
		235794BF24E3189100A2588B /* Info.plist */ = {isa = PBXFileReference; lastKnownFileType = text.plist.xml; path = Info.plist; sourceTree = "<group>"; };
/* End PBXFileReference section */

/* Begin PBXFrameworksBuildPhase section */
		2357949224E3188F00A2588B /* Frameworks */ = {
			isa = PBXFrameworksBuildPhase;
			buildActionMask = 2147483647;
			files = (
			);
			runOnlyForDeploymentPostprocessing = 0;
		};
		235794AB24E3189100A2588B /* Frameworks */ = {
			isa = PBXFrameworksBuildPhase;
			buildActionMask = 2147483647;
			files = (
			);
			runOnlyForDeploymentPostprocessing = 0;
		};
		235794B624E3189100A2588B /* Frameworks */ = {
			isa = PBXFrameworksBuildPhase;
			buildActionMask = 2147483647;
			files = (
			);
			runOnlyForDeploymentPostprocessing = 0;
		};
/* End PBXFrameworksBuildPhase section */

/* Begin PBXGroup section */
		2357948C24E3188F00A2588B = {
			isa = PBXGroup;
			children = (
				2357949724E3188F00A2588B /* GitHub Example */,
				235794B124E3189100A2588B /* GitHub ExampleTests */,
				235794BC24E3189100A2588B /* GitHub ExampleUITests */,
				2357949624E3188F00A2588B /* Products */,
			);
			sourceTree = "<group>";
		};
		2357949624E3188F00A2588B /* Products */ = {
			isa = PBXGroup;
			children = (
				2357949524E3188F00A2588B /* GitHub Example.app */,
				235794AE24E3189100A2588B /* GitHub ExampleTests.xctest */,
				235794B924E3189100A2588B /* GitHub ExampleUITests.xctest */,
			);
			name = Products;
			sourceTree = "<group>";
		};
		2357949724E3188F00A2588B /* GitHub Example */ = {
			isa = PBXGroup;
			children = (
				2357949824E3188F00A2588B /* AppDelegate.swift */,
				2357949A24E3188F00A2588B /* SceneDelegate.swift */,
				2357949C24E3188F00A2588B /* ViewController.swift */,
				2357949E24E3188F00A2588B /* Main.storyboard */,
				235794A424E3189100A2588B /* Assets.xcassets */,
				235794A624E3189100A2588B /* LaunchScreen.storyboard */,
				235794A924E3189100A2588B /* Info.plist */,
				235794A124E3188F00A2588B /* GitHub_Example.xcdatamodeld */,
			);
			path = "GitHub Example";
			sourceTree = "<group>";
		};
		235794B124E3189100A2588B /* GitHub ExampleTests */ = {
			isa = PBXGroup;
			children = (
				235794B224E3189100A2588B /* GitHub_ExampleTests.swift */,
				235794B424E3189100A2588B /* Info.plist */,
			);
			path = "GitHub ExampleTests";
			sourceTree = "<group>";
		};
		235794BC24E3189100A2588B /* GitHub ExampleUITests */ = {
			isa = PBXGroup;
			children = (
				235794BD24E3189100A2588B /* GitHub_ExampleUITests.swift */,
				235794BF24E3189100A2588B /* Info.plist */,
			);
			path = "GitHub ExampleUITests";
			sourceTree = "<group>";
		};
/* End PBXGroup section */

/* Begin PBXNativeTarget section */
		2357949424E3188F00A2588B /* GitHub Example */ = {
			isa = PBXNativeTarget;
			buildConfigurationList = 235794C224E3189100A2588B /* Build configuration list for PBXNativeTarget "GitHub Example" */;
			buildPhases = (
				2357949124E3188F00A2588B /* Sources */,
				2357949224E3188F00A2588B /* Frameworks */,
				2357949324E3188F00A2588B /* Resources */,
			);
			buildRules = (
			);
			dependencies = (
			);
			name = "GitHub Example";
			productName = "GitHub Example";
			productReference = 2357949524E3188F00A2588B /* GitHub Example.app */;
			productType = "com.apple.product-type.application";
		};
		235794AD24E3189100A2588B /* GitHub ExampleTests */ = {
			isa = PBXNativeTarget;
			buildConfigurationList = 235794C524E3189100A2588B /* Build configuration list for PBXNativeTarget "GitHub ExampleTests" */;
			buildPhases = (
				235794AA24E3189100A2588B /* Sources */,
				235794AB24E3189100A2588B /* Frameworks */,
				235794AC24E3189100A2588B /* Resources */,
			);
			buildRules = (
			);
			dependencies = (
				235794B024E3189100A2588B /* PBXTargetDependency */,
			);
			name = "GitHub ExampleTests";
			productName = "GitHub ExampleTests";
			productReference = 235794AE24E3189100A2588B /* GitHub ExampleTests.xctest */;
			productType = "com.apple.product-type.bundle.unit-test";
		};
		235794B824E3189100A2588B /* GitHub ExampleUITests */ = {
			isa = PBXNativeTarget;
			buildConfigurationList = 235794C824E3189100A2588B /* Build configuration list for PBXNativeTarget "GitHub ExampleUITests" */;
			buildPhases = (
				235794B524E3189100A2588B /* Sources */,
				235794B624E3189100A2588B /* Frameworks */,
				235794B724E3189100A2588B /* Resources */,
			);
			buildRules = (
			);
			dependencies = (
				235794BB24E3189100A2588B /* PBXTargetDependency */,
			);
			name = "GitHub ExampleUITests";
			productName = "GitHub ExampleUITests";
			productReference = 235794B924E3189100A2588B /* GitHub ExampleUITests.xctest */;
			productType = "com.apple.product-type.bundle.ui-testing";
		};
/* End PBXNativeTarget section */

/* Begin PBXProject section */
		2357948D24E3188F00A2588B /* Project object */ = {
			isa = PBXProject;
			attributes = {
				LastSwiftUpdateCheck = 1160;
				LastUpgradeCheck = 1160;
				ORGANIZATIONNAME = GabbyQ;
				TargetAttributes = {
					2357949424E3188F00A2588B = {
						CreatedOnToolsVersion = 11.6;
					};
					235794AD24E3189100A2588B = {
						CreatedOnToolsVersion = 11.6;
						TestTargetID = 2357949424E3188F00A2588B;
					};
					235794B824E3189100A2588B = {
						CreatedOnToolsVersion = 11.6;
						TestTargetID = 2357949424E3188F00A2588B;
					};
				};
			};
			buildConfigurationList = 2357949024E3188F00A2588B /* Build configuration list for PBXProject "GitHub Example" */;
			compatibilityVersion = "Xcode 9.3";
			developmentRegion = en;
			hasScannedForEncodings = 0;
			knownRegions = (
				en,
				Base,
			);
			mainGroup = 2357948C24E3188F00A2588B;
			productRefGroup = 2357949624E3188F00A2588B /* Products */;
			projectDirPath = "";
			projectRoot = "";
			targets = (
				2357949424E3188F00A2588B /* GitHub Example */,
				235794AD24E3189100A2588B /* GitHub ExampleTests */,
				235794B824E3189100A2588B /* GitHub ExampleUITests */,
			);
		};
/* End PBXProject section */

/* Begin PBXResourcesBuildPhase section */
		2357949324E3188F00A2588B /* Resources */ = {
			isa = PBXResourcesBuildPhase;
			buildActionMask = 2147483647;
			files = (
				235794A824E3189100A2588B /* LaunchScreen.storyboard in Resources */,
				235794A524E3189100A2588B /* Assets.xcassets in Resources */,
				235794A024E3188F00A2588B /* Main.storyboard in Resources */,
			);
			runOnlyForDeploymentPostprocessing = 0;
		};
		235794AC24E3189100A2588B /* Resources */ = {
			isa = PBXResourcesBuildPhase;
			buildActionMask = 2147483647;
			files = (
			);
			runOnlyForDeploymentPostprocessing = 0;
		};
		235794B724E3189100A2588B /* Resources */ = {
			isa = PBXResourcesBuildPhase;
			buildActionMask = 2147483647;
			files = (
			);
			runOnlyForDeploymentPostprocessing = 0;
		};
/* End PBXResourcesBuildPhase section */

/* Begin PBXSourcesBuildPhase section */
		2357949124E3188F00A2588B /* Sources */ = {
			isa = PBXSourcesBuildPhase;
			buildActionMask = 2147483647;
			files = (
				2357949D24E3188F00A2588B /* ViewController.swift in Sources */,
				235794A324E3188F00A2588B /* GitHub_Example.xcdatamodeld in Sources */,
				2357949924E3188F00A2588B /* AppDelegate.swift in Sources */,
				2357949B24E3188F00A2588B /* SceneDelegate.swift in Sources */,
			);
			runOnlyForDeploymentPostprocessing = 0;
		};
		235794AA24E3189100A2588B /* Sources */ = {
			isa = PBXSourcesBuildPhase;
			buildActionMask = 2147483647;
			files = (
				235794B324E3189100A2588B /* GitHub_ExampleTests.swift in Sources */,
			);
			runOnlyForDeploymentPostprocessing = 0;
		};
		235794B524E3189100A2588B /* Sources */ = {
			isa = PBXSourcesBuildPhase;
			buildActionMask = 2147483647;
			files = (
				235794BE24E3189100A2588B /* GitHub_ExampleUITests.swift in Sources */,
			);
			runOnlyForDeploymentPostprocessing = 0;
		};
/* End PBXSourcesBuildPhase section */

/* Begin PBXTargetDependency section */
		235794B024E3189100A2588B /* PBXTargetDependency */ = {
			isa = PBXTargetDependency;
			target = 2357949424E3188F00A2588B /* GitHub Example */;
			targetProxy = 235794AF24E3189100A2588B /* PBXContainerItemProxy */;
		};
		235794BB24E3189100A2588B /* PBXTargetDependency */ = {
			isa = PBXTargetDependency;
			target = 2357949424E3188F00A2588B /* GitHub Example */;
			targetProxy = 235794BA24E3189100A2588B /* PBXContainerItemProxy */;
		};
/* End PBXTargetDependency section */

/* Begin PBXVariantGroup section */
		2357949E24E3188F00A2588B /* Main.storyboard */ = {
			isa = PBXVariantGroup;
			children = (
				2357949F24E3188F00A2588B /* Base */,
			);
			name = Main.storyboard;
			sourceTree = "<group>";
		};
		235794A624E3189100A2588B /* LaunchScreen.storyboard */ = {
			isa = PBXVariantGroup;
			children = (
				235794A724E3189100A2588B /* Base */,
			);
			name = LaunchScreen.storyboard;
			sourceTree = "<group>";
		};
/* End PBXVariantGroup section */

/* Begin XCBuildConfiguration section */
		235794C024E3189100A2588B /* Debug */ = {
			isa = XCBuildConfiguration;
			buildSettings = {
				ALWAYS_SEARCH_USER_PATHS = NO;
				CLANG_ANALYZER_NONNULL = YES;
				CLANG_ANALYZER_NUMBER_OBJECT_CONVERSION = YES_AGGRESSIVE;
				CLANG_CXX_LANGUAGE_STANDARD = "gnu++14";
				CLANG_CXX_LIBRARY = "libc++";
				CLANG_ENABLE_MODULES = YES;
				CLANG_ENABLE_OBJC_ARC = YES;
				CLANG_ENABLE_OBJC_WEAK = YES;
				CLANG_WARN_BLOCK_CAPTURE_AUTORELEASING = YES;
				CLANG_WARN_BOOL_CONVERSION = YES;
				CLANG_WARN_COMMA = YES;
				CLANG_WARN_CONSTANT_CONVERSION = YES;
				CLANG_WARN_DEPRECATED_OBJC_IMPLEMENTATIONS = YES;
				CLANG_WARN_DIRECT_OBJC_ISA_USAGE = YES_ERROR;
				CLANG_WARN_DOCUMENTATION_COMMENTS = YES;
				CLANG_WARN_EMPTY_BODY = YES;
				CLANG_WARN_ENUM_CONVERSION = YES;
				CLANG_WARN_INFINITE_RECURSION = YES;
				CLANG_WARN_INT_CONVERSION = YES;
				CLANG_WARN_NON_LITERAL_NULL_CONVERSION = YES;
				CLANG_WARN_OBJC_IMPLICIT_RETAIN_SELF = YES;
				CLANG_WARN_OBJC_LITERAL_CONVERSION = YES;
				CLANG_WARN_OBJC_ROOT_CLASS = YES_ERROR;
				CLANG_WARN_RANGE_LOOP_ANALYSIS = YES;
				CLANG_WARN_STRICT_PROTOTYPES = YES;
				CLANG_WARN_SUSPICIOUS_MOVE = YES;
				CLANG_WARN_UNGUARDED_AVAILABILITY = YES_AGGRESSIVE;
				CLANG_WARN_UNREACHABLE_CODE = YES;
				CLANG_WARN__DUPLICATE_METHOD_MATCH = YES;
				COPY_PHASE_STRIP = NO;
				DEBUG_INFORMATION_FORMAT = dwarf;
				ENABLE_STRICT_OBJC_MSGSEND = YES;
				ENABLE_TESTABILITY = YES;
				GCC_C_LANGUAGE_STANDARD = gnu11;
				GCC_DYNAMIC_NO_PIC = NO;
				GCC_NO_COMMON_BLOCKS = YES;
				GCC_OPTIMIZATION_LEVEL = 0;
				GCC_PREPROCESSOR_DEFINITIONS = (
					"DEBUG=1",
					"$(inherited)",
				);
				GCC_WARN_64_TO_32_BIT_CONVERSION = YES;
				GCC_WARN_ABOUT_RETURN_TYPE = YES_ERROR;
				GCC_WARN_UNDECLARED_SELECTOR = YES;
				GCC_WARN_UNINITIALIZED_AUTOS = YES_AGGRESSIVE;
				GCC_WARN_UNUSED_FUNCTION = YES;
				GCC_WARN_UNUSED_VARIABLE = YES;
				IPHONEOS_DEPLOYMENT_TARGET = 13.6;
				MTL_ENABLE_DEBUG_INFO = INCLUDE_SOURCE;
				MTL_FAST_MATH = YES;
				ONLY_ACTIVE_ARCH = YES;
				SDKROOT = iphoneos;
				SWIFT_ACTIVE_COMPILATION_CONDITIONS = DEBUG;
				SWIFT_OPTIMIZATION_LEVEL = "-Onone";
			};
			name = Debug;
		};
		235794C124E3189100A2588B /* Release */ = {
			isa = XCBuildConfiguration;
			buildSettings = {
				ALWAYS_SEARCH_USER_PATHS = NO;
				CLANG_ANALYZER_NONNULL = YES;
				CLANG_ANALYZER_NUMBER_OBJECT_CONVERSION = YES_AGGRESSIVE;
				CLANG_CXX_LANGUAGE_STANDARD = "gnu++14";
				CLANG_CXX_LIBRARY = "libc++";
				CLANG_ENABLE_MODULES = YES;
				CLANG_ENABLE_OBJC_ARC = YES;
				CLANG_ENABLE_OBJC_WEAK = YES;
				CLANG_WARN_BLOCK_CAPTURE_AUTORELEASING = YES;
				CLANG_WARN_BOOL_CONVERSION = YES;
				CLANG_WARN_COMMA = YES;
				CLANG_WARN_CONSTANT_CONVERSION = YES;
				CLANG_WARN_DEPRECATED_OBJC_IMPLEMENTATIONS = YES;
				CLANG_WARN_DIRECT_OBJC_ISA_USAGE = YES_ERROR;
				CLANG_WARN_DOCUMENTATION_COMMENTS = YES;
				CLANG_WARN_EMPTY_BODY = YES;
				CLANG_WARN_ENUM_CONVERSION = YES;
				CLANG_WARN_INFINITE_RECURSION = YES;
				CLANG_WARN_INT_CONVERSION = YES;
				CLANG_WARN_NON_LITERAL_NULL_CONVERSION = YES;
				CLANG_WARN_OBJC_IMPLICIT_RETAIN_SELF = YES;
				CLANG_WARN_OBJC_LITERAL_CONVERSION = YES;
				CLANG_WARN_OBJC_ROOT_CLASS = YES_ERROR;
				CLANG_WARN_RANGE_LOOP_ANALYSIS = YES;
				CLANG_WARN_STRICT_PROTOTYPES = YES;
				CLANG_WARN_SUSPICIOUS_MOVE = YES;
				CLANG_WARN_UNGUARDED_AVAILABILITY = YES_AGGRESSIVE;
				CLANG_WARN_UNREACHABLE_CODE = YES;
				CLANG_WARN__DUPLICATE_METHOD_MATCH = YES;
				COPY_PHASE_STRIP = NO;
				DEBUG_INFORMATION_FORMAT = "dwarf-with-dsym";
				ENABLE_NS_ASSERTIONS = NO;
				ENABLE_STRICT_OBJC_MSGSEND = YES;
				GCC_C_LANGUAGE_STANDARD = gnu11;
				GCC_NO_COMMON_BLOCKS = YES;
				GCC_WARN_64_TO_32_BIT_CONVERSION = YES;
				GCC_WARN_ABOUT_RETURN_TYPE = YES_ERROR;
				GCC_WARN_UNDECLARED_SELECTOR = YES;
				GCC_WARN_UNINITIALIZED_AUTOS = YES_AGGRESSIVE;
				GCC_WARN_UNUSED_FUNCTION = YES;
				GCC_WARN_UNUSED_VARIABLE = YES;
				IPHONEOS_DEPLOYMENT_TARGET = 13.6;
				MTL_ENABLE_DEBUG_INFO = NO;
				MTL_FAST_MATH = YES;
				SDKROOT = iphoneos;
				SWIFT_COMPILATION_MODE = wholemodule;
				SWIFT_OPTIMIZATION_LEVEL = "-O";
				VALIDATE_PRODUCT = YES;
			};
			name = Release;
		};
		235794C324E3189100A2588B /* Debug */ = {
			isa = XCBuildConfiguration;
			buildSettings = {
				ASSETCATALOG_COMPILER_APPICON_NAME = AppIcon;
				CODE_SIGN_STYLE = Automatic;
				INFOPLIST_FILE = "GitHub Example/Info.plist";
				LD_RUNPATH_SEARCH_PATHS = (
					"$(inherited)",
					"@executable_path/Frameworks",
				);
				PRODUCT_BUNDLE_IDENTIFIER = "a.GitHub-Example";
				PRODUCT_NAME = "$(TARGET_NAME)";
				SWIFT_VERSION = 5.0;
				TARGETED_DEVICE_FAMILY = "1,2";
			};
			name = Debug;
		};
		235794C424E3189100A2588B /* Release */ = {
			isa = XCBuildConfiguration;
			buildSettings = {
				ASSETCATALOG_COMPILER_APPICON_NAME = AppIcon;
				CODE_SIGN_STYLE = Automatic;
				INFOPLIST_FILE = "GitHub Example/Info.plist";
				LD_RUNPATH_SEARCH_PATHS = (
					"$(inherited)",
					"@executable_path/Frameworks",
				);
				PRODUCT_BUNDLE_IDENTIFIER = "a.GitHub-Example";
				PRODUCT_NAME = "$(TARGET_NAME)";
				SWIFT_VERSION = 5.0;
				TARGETED_DEVICE_FAMILY = "1,2";
			};
			name = Release;
		};
		235794C624E3189100A2588B /* Debug */ = {
			isa = XCBuildConfiguration;
			buildSettings = {
				ALWAYS_EMBED_SWIFT_STANDARD_LIBRARIES = YES;
				BUNDLE_LOADER = "$(TEST_HOST)";
				CODE_SIGN_STYLE = Automatic;
				INFOPLIST_FILE = "GitHub ExampleTests/Info.plist";
				IPHONEOS_DEPLOYMENT_TARGET = 13.6;
				LD_RUNPATH_SEARCH_PATHS = (
					"$(inherited)",
					"@executable_path/Frameworks",
					"@loader_path/Frameworks",
				);
				PRODUCT_BUNDLE_IDENTIFIER = "a.GitHub-ExampleTests";
				PRODUCT_NAME = "$(TARGET_NAME)";
				SWIFT_VERSION = 5.0;
				TARGETED_DEVICE_FAMILY = "1,2";
				TEST_HOST = "$(BUILT_PRODUCTS_DIR)/GitHub Example.app/GitHub Example";
			};
			name = Debug;
		};
		235794C724E3189100A2588B /* Release */ = {
			isa = XCBuildConfiguration;
			buildSettings = {
				ALWAYS_EMBED_SWIFT_STANDARD_LIBRARIES = YES;
				BUNDLE_LOADER = "$(TEST_HOST)";
				CODE_SIGN_STYLE = Automatic;
				INFOPLIST_FILE = "GitHub ExampleTests/Info.plist";
				IPHONEOS_DEPLOYMENT_TARGET = 13.6;
				LD_RUNPATH_SEARCH_PATHS = (
					"$(inherited)",
					"@executable_path/Frameworks",
					"@loader_path/Frameworks",
				);
				PRODUCT_BUNDLE_IDENTIFIER = "a.GitHub-ExampleTests";
				PRODUCT_NAME = "$(TARGET_NAME)";
				SWIFT_VERSION = 5.0;
				TARGETED_DEVICE_FAMILY = "1,2";
				TEST_HOST = "$(BUILT_PRODUCTS_DIR)/GitHub Example.app/GitHub Example";
			};
			name = Release;
		};
		235794C924E3189100A2588B /* Debug */ = {
			isa = XCBuildConfiguration;
			buildSettings = {
				ALWAYS_EMBED_SWIFT_STANDARD_LIBRARIES = YES;
				CODE_SIGN_STYLE = Automatic;
				INFOPLIST_FILE = "GitHub ExampleUITests/Info.plist";
				LD_RUNPATH_SEARCH_PATHS = (
					"$(inherited)",
					"@executable_path/Frameworks",
					"@loader_path/Frameworks",
				);
				PRODUCT_BUNDLE_IDENTIFIER = "a.GitHub-ExampleUITests";
				PRODUCT_NAME = "$(TARGET_NAME)";
				SWIFT_VERSION = 5.0;
				TARGETED_DEVICE_FAMILY = "1,2";
				TEST_TARGET_NAME = "GitHub Example";
			};
			name = Debug;
		};
		235794CA24E3189100A2588B /* Release */ = {
			isa = XCBuildConfiguration;
			buildSettings = {
				ALWAYS_EMBED_SWIFT_STANDARD_LIBRARIES = YES;
				CODE_SIGN_STYLE = Automatic;
				INFOPLIST_FILE = "GitHub ExampleUITests/Info.plist";
				LD_RUNPATH_SEARCH_PATHS = (
					"$(inherited)",
					"@executable_path/Frameworks",
					"@loader_path/Frameworks",
				);
				PRODUCT_BUNDLE_IDENTIFIER = "a.GitHub-ExampleUITests";
				PRODUCT_NAME = "$(TARGET_NAME)";
				SWIFT_VERSION = 5.0;
				TARGETED_DEVICE_FAMILY = "1,2";
				TEST_TARGET_NAME = "GitHub Example";
			};
			name = Release;
		};
/* End XCBuildConfiguration section */

/* Begin XCConfigurationList section */
		2357949024E3188F00A2588B /* Build configuration list for PBXProject "GitHub Example" */ = {
			isa = XCConfigurationList;
			buildConfigurations = (
				235794C024E3189100A2588B /* Debug */,
				235794C124E3189100A2588B /* Release */,
			);
			defaultConfigurationIsVisible = 0;
			defaultConfigurationName = Release;
		};
		235794C224E3189100A2588B /* Build configuration list for PBXNativeTarget "GitHub Example" */ = {
			isa = XCConfigurationList;
			buildConfigurations = (
				235794C324E3189100A2588B /* Debug */,
				235794C424E3189100A2588B /* Release */,
			);
			defaultConfigurationIsVisible = 0;
			defaultConfigurationName = Release;
		};
		235794C524E3189100A2588B /* Build configuration list for PBXNativeTarget "GitHub ExampleTests" */ = {
			isa = XCConfigurationList;
			buildConfigurations = (
				235794C624E3189100A2588B /* Debug */,
				235794C724E3189100A2588B /* Release */,
			);
			defaultConfigurationIsVisible = 0;
			defaultConfigurationName = Release;
		};
		235794C824E3189100A2588B /* Build configuration list for PBXNativeTarget "GitHub ExampleUITests" */ = {
			isa = XCConfigurationList;
			buildConfigurations = (
				235794C924E3189100A2588B /* Debug */,
				235794CA24E3189100A2588B /* Release */,
			);
			defaultConfigurationIsVisible = 0;
			defaultConfigurationName = Release;
		};
/* End XCConfigurationList section */

/* Begin XCVersionGroup section */
		235794A124E3188F00A2588B /* GitHub_Example.xcdatamodeld */ = {
			isa = XCVersionGroup;
			children = (
				235794A224E3188F00A2588B /* GitHub_Example.xcdatamodel */,
			);
			currentVersion = 235794A224E3188F00A2588B /* GitHub_Example.xcdatamodel */;
			path = GitHub_Example.xcdatamodeld;
			sourceTree = "<group>";
			versionGroupType = wrapper.xcdatamodel;
		};
/* End XCVersionGroup section */
	};
	rootObject = 2357948D24E3188F00A2588B /* Project object */;
}
